<?xml version="1.0" encoding="utf-8"?>
<Project ToolsVersion="4.0" xmlns="http://schemas.microsoft.com/developer/msbuild/2003">
  <ItemGroup>
    <Filter Include="App">
      <UniqueIdentifier>{969f8929-b039-43a9-82ae-98e7453acb4f}</UniqueIdentifier>
    </Filter>
    <Filter Include="GameEngine">
      <UniqueIdentifier>{1b6f4837-e5e1-4a74-98b3-cfc012bb23ef}</UniqueIdentifier>
    </Filter>
    <Filter Include="GameEngine\WindowingSystem">
      <UniqueIdentifier>{7e32e915-3661-410b-a098-30397cb2b239}</UniqueIdentifier>
    </Filter>
    <Filter Include="GameEngine\GraphicsEngine">
      <UniqueIdentifier>{dbcb08b7-7ebe-482c-9aa9-54424b8f515e}</UniqueIdentifier>
    </Filter>
    <Filter Include="GameEngine\Time">
      <UniqueIdentifier>{6b807069-05dd-4dce-a702-e60551a8a7df}</UniqueIdentifier>
    </Filter>
    <Filter Include="GameEngine\Math">
      <UniqueIdentifier>{a2e6e08d-7d1d-4be9-a95e-8902d2626d8b}</UniqueIdentifier>
    </Filter>
    <Filter Include="GameEngine\InputSystem">
      <UniqueIdentifier>{66ca0036-9773-4648-ba97-aa08001b6d67}</UniqueIdentifier>
    </Filter>
    <Filter Include="GameEngine\GraphicsEngine\RenderSystem">
      <UniqueIdentifier>{4c96de2b-9f3f-4392-9f7c-9f038faacfc6}</UniqueIdentifier>
    </Filter>
    <Filter Include="GameEngine\GraphicsEngine\RenderSystem\PixelShader">
      <UniqueIdentifier>{94524813-e196-40b8-ba6e-85df29c90ae2}</UniqueIdentifier>
    </Filter>
    <Filter Include="GameEngine\GraphicsEngine\RenderSystem\ConstantBuffer">
      <UniqueIdentifier>{a9f2e0f8-a881-4f56-bc3b-850a18c96279}</UniqueIdentifier>
    </Filter>
    <Filter Include="GameEngine\GraphicsEngine\RenderSystem\DeviceContext">
      <UniqueIdentifier>{ebd6338b-5fe9-435a-9e76-01c06f9becbc}</UniqueIdentifier>
    </Filter>
    <Filter Include="GameEngine\GraphicsEngine\RenderSystem\IndexBuffer">
      <UniqueIdentifier>{c46b1f04-8a80-45af-96e9-b99be90f6aa8}</UniqueIdentifier>
    </Filter>
    <Filter Include="GameEngine\GraphicsEngine\RenderSystem\SwapChain">
      <UniqueIdentifier>{ac98e483-3229-4ab5-9835-61c3ac72a28f}</UniqueIdentifier>
    </Filter>
    <Filter Include="GameEngine\GraphicsEngine\RenderSystem\VertexBuffer">
      <UniqueIdentifier>{231ca51c-d7ff-4a2a-878c-a3bf8102e52c}</UniqueIdentifier>
    </Filter>
    <Filter Include="GameEngine\GraphicsEngine\RenderSystem\VertexShader">
      <UniqueIdentifier>{887c1565-faab-46c6-b74f-4f920ac180df}</UniqueIdentifier>
    </Filter>
    <Filter Include="GameEngine\EntityComponentSystem">
      <UniqueIdentifier>{7cef8d5e-ff53-40de-b8e4-73e42b37f215}</UniqueIdentifier>
    </Filter>
    <Filter Include="GameEngine\Camera">
      <UniqueIdentifier>{8129c104-7b04-4d3b-aea7-7bee78d468f7}</UniqueIdentifier>
    </Filter>
    <Filter Include="GameEngine\Editor">
      <UniqueIdentifier>{3d1e435c-33f4-4bf1-96d9-63fbd3256a44}</UniqueIdentifier>
    </Filter>
    <Filter Include="GameEngine\ImGui">
      <UniqueIdentifier>{2a65c0d9-4c73-4f3b-9278-2610608c1e86}</UniqueIdentifier>
    </Filter>
    <Filter Include="GameEngine\UI">
      <UniqueIdentifier>{e29f8055-eca7-4bcb-adbf-f608c914b512}</UniqueIdentifier>
    </Filter>
    <Filter Include="GameEngine\UIScreen">
      <UniqueIdentifier>{6b62c2c4-4929-44ae-ba5c-04087c3ba5b0}</UniqueIdentifier>
    </Filter>
    <Filter Include="GameEngine\GraphicsEngine\ResourceManager">
      <UniqueIdentifier>{1ed315e5-4aa9-49cc-b527-96542047a98b}</UniqueIdentifier>
    </Filter>
    <Filter Include="GameEngine\GraphicsEngine\TextureManager">
      <UniqueIdentifier>{59dd243e-8031-47b8-8b66-65ab038f6e87}</UniqueIdentifier>
    </Filter>
    <Filter Include="GameEngine\GraphicsEngine\MeshManager">
      <UniqueIdentifier>{35edbb52-52bc-400d-974a-945e3373c82a}</UniqueIdentifier>
    </Filter>
    <Filter Include="GameEngine\NewFilter1">
      <UniqueIdentifier>{1514a874-cdf9-41e0-bdf1-a67f8d0eaab1}</UniqueIdentifier>
    </Filter>
    <Filter Include="GameEngine\JSON">
      <UniqueIdentifier>{6a2ec5b0-eb43-48aa-a4d3-d8fe6e5b6a38}</UniqueIdentifier>
    </Filter>
    <Filter Include="Threading">
      <UniqueIdentifier>{41aebcf3-8178-4cbf-8c5b-526b29d53a22}</UniqueIdentifier>
    </Filter>
    <Filter Include="Scene">
      <UniqueIdentifier>{216e0a34-ff20-4edc-a11f-34a36cb9d0d8}</UniqueIdentifier>
    </Filter>
  </ItemGroup>
  <ItemGroup>
    <ClCompile Include="main.cpp">
      <Filter>App</Filter>
    </ClCompile>
    <ClCompile Include="AppWindow.cpp">
      <Filter>App</Filter>
    </ClCompile>
    <ClCompile Include="Window.cpp">
      <Filter>GameEngine\WindowingSystem</Filter>
    </ClCompile>
    <ClCompile Include="GraphicsEngine.cpp">
      <Filter>GameEngine\GraphicsEngine</Filter>
    </ClCompile>
    <ClCompile Include="SwapChain.cpp">
      <Filter>GameEngine\GraphicsEngine\RenderSystem\SwapChain</Filter>
    </ClCompile>
    <ClCompile Include="DeviceContext.cpp">
      <Filter>GameEngine\GraphicsEngine\RenderSystem\DeviceContext</Filter>
    </ClCompile>
    <ClCompile Include="VertexBuffer.cpp">
      <Filter>GameEngine\GraphicsEngine\RenderSystem\VertexBuffer</Filter>
    </ClCompile>
    <ClCompile Include="VertexShader.cpp">
      <Filter>GameEngine\GraphicsEngine\RenderSystem\VertexShader</Filter>
    </ClCompile>
    <ClCompile Include="PixelShader.cpp">
      <Filter>GameEngine\GraphicsEngine\RenderSystem\PixelShader</Filter>
    </ClCompile>
    <ClCompile Include="ConstantBuffer.cpp">
      <Filter>GameEngine\GraphicsEngine\RenderSystem\ConstantBuffer</Filter>
    </ClCompile>
    <ClCompile Include="EngineTime.cpp">
      <Filter>GameEngine\Time</Filter>
    </ClCompile>
    <ClCompile Include="IndexBuffer.cpp">
      <Filter>GameEngine\GraphicsEngine\RenderSystem\IndexBuffer</Filter>
    </ClCompile>
    <ClCompile Include="InputSystem.cpp">
      <Filter>GameEngine\InputSystem</Filter>
    </ClCompile>
    <ClCompile Include="RenderSystem.cpp">
      <Filter>GameEngine\GraphicsEngine\RenderSystem</Filter>
    </ClCompile>
    <ClCompile Include="Component.cpp">
      <Filter>GameEngine\EntityComponentSystem</Filter>
    </ClCompile>
    <ClCompile Include="GameObject.cpp">
      <Filter>GameEngine\EntityComponentSystem</Filter>
    </ClCompile>
    <ClCompile Include="TransformComponent.cpp">
      <Filter>GameEngine\EntityComponentSystem</Filter>
    </ClCompile>
    <ClCompile Include="MeshComponent.cpp">
      <Filter>GameEngine\EntityComponentSystem</Filter>
    </ClCompile>
    <ClCompile Include="RotationMovementComponent.cpp">
      <Filter>GameEngine\EntityComponentSystem</Filter>
    </ClCompile>
    <ClCompile Include="Camera.cpp">
      <Filter>GameEngine\Camera</Filter>
    </ClCompile>
    <ClCompile Include="CameraManager.cpp">
      <Filter>GameEngine\Camera</Filter>
    </ClCompile>
    <ClCompile Include="CameraComponent.cpp">
      <Filter>GameEngine\EntityComponentSystem</Filter>
    </ClCompile>
    <ClCompile Include="SceneCamera.cpp">
      <Filter>GameEngine\Editor</Filter>
    </ClCompile>
    <ClCompile Include="SimpleMath.cpp" />
    <ClCompile Include="pch.cpp" />
    <ClCompile Include="ImGui\imgui.cpp">
      <Filter>GameEngine\ImGui</Filter>
    </ClCompile>
    <ClCompile Include="ImGui\imgui_draw.cpp">
      <Filter>GameEngine\ImGui</Filter>
    </ClCompile>
    <ClCompile Include="ImGui\imgui_impl_dx11.cpp">
      <Filter>GameEngine\ImGui</Filter>
    </ClCompile>
    <ClCompile Include="ImGui\imgui_impl_win32.cpp">
      <Filter>GameEngine\ImGui</Filter>
    </ClCompile>
    <ClCompile Include="ImGui\imgui_tables.cpp">
      <Filter>GameEngine\ImGui</Filter>
    </ClCompile>
    <ClCompile Include="ImGui\imgui_widgets.cpp">
      <Filter>GameEngine\ImGui</Filter>
    </ClCompile>
    <ClCompile Include="UIScreen.cpp">
      <Filter>GameEngine\UI</Filter>
    </ClCompile>
    <ClCompile Include="UIManager.cpp">
      <Filter>GameEngine\UI</Filter>
    </ClCompile>
    <ClCompile Include="MenuBar.cpp">
      <Filter>GameEngine\UIScreen</Filter>
    </ClCompile>
    <ClCompile Include="ObjectProperty.cpp">
      <Filter>GameEngine\UIScreen</Filter>
    </ClCompile>
    <ClCompile Include="GameObjectManager.cpp">
      <Filter>GameEngine\EntityComponentSystem</Filter>
    </ClCompile>
    <ClCompile Include="ObjectParentingScreen.cpp">
      <Filter>GameEngine\UIScreen</Filter>
    </ClCompile>
    <ClCompile Include="Hierarchy.cpp">
      <Filter>GameEngine\UIScreen</Filter>
    </ClCompile>
    <ClCompile Include="Resource.cpp">
      <Filter>GameEngine\GraphicsEngine\ResourceManager</Filter>
    </ClCompile>
    <ClCompile Include="ResourceManager.cpp">
      <Filter>GameEngine\GraphicsEngine\ResourceManager</Filter>
    </ClCompile>
    <ClCompile Include="Texture.cpp">
      <Filter>GameEngine\GraphicsEngine\TextureManager</Filter>
    </ClCompile>
    <ClCompile Include="TextureManager.cpp">
      <Filter>GameEngine\GraphicsEngine\TextureManager</Filter>
    </ClCompile>
    <ClCompile Include="LoadingScreen.cpp">
      <Filter>GameEngine\UIScreen</Filter>
    </ClCompile>
    <ClCompile Include="Mesh.cpp">
      <Filter>GameEngine\GraphicsEngine\MeshManager</Filter>
    </ClCompile>
    <ClCompile Include="MeshManager.cpp">
      <Filter>GameEngine\GraphicsEngine\MeshManager</Filter>
    </ClCompile>
    <ClCompile Include="PhysicsComponent.cpp">
      <Filter>GameEngine\EntityComponentSystem</Filter>
    </ClCompile>
    <ClCompile Include="EngineBackend.cpp">
      <Filter>GameEngine</Filter>
    </ClCompile>
    <ClCompile Include="ActionHistory.cpp">
      <Filter>GameEngine</Filter>
    </ClCompile>
    <ClCompile Include="EditorAction.cpp">
      <Filter>GameEngine</Filter>
    </ClCompile>
    <ClCompile Include="PlaybackScreen.cpp">
      <Filter>GameEngine\UIScreen</Filter>
    </ClCompile>
    <ClCompile Include="SceneWriter.cpp" />
    <ClCompile Include="SceneReader.cpp" />
    <ClCompile Include="StringUtils.cpp" />
    <ClCompile Include="Libs\jsoncpp-1.9.5\src\lib_json\json_reader.cpp">
      <Filter>GameEngine\JSON</Filter>
    </ClCompile>
    <ClCompile Include="Libs\jsoncpp-1.9.5\src\lib_json\json_value.cpp">
      <Filter>GameEngine\JSON</Filter>
    </ClCompile>
    <ClCompile Include="Libs\jsoncpp-1.9.5\src\lib_json\json_writer.cpp">
      <Filter>GameEngine\JSON</Filter>
    </ClCompile>
    <ClCompile Include="Libs\jsoncpp-1.9.5\src\test_lib_json\fuzz.cpp">
      <Filter>GameEngine\JSON</Filter>
    </ClCompile>
    <ClCompile Include="Libs\jsoncpp-1.9.5\src\test_lib_json\jsontest.cpp">
      <Filter>GameEngine\JSON</Filter>
    </ClCompile>
    <ClCompile Include="TextureComponent.cpp">
      <Filter>GameEngine\EntityComponentSystem</Filter>
    </ClCompile>
    <ClCompile Include="ActionScreen.cpp">
      <Filter>GameEngine\UIScreen</Filter>
    </ClCompile>
    <ClCompile Include="DebugManager.cpp" />
    <ClCompile Include="DebugScreen.cpp" />
    <ClCompile Include="IETThread.cpp">
      <Filter>Threading</Filter>
    </ClCompile>
    <ClCompile Include="ModelLoaderThread.cpp">
      <Filter>Threading</Filter>
    </ClCompile>
    <ClCompile Include="Scene.cpp">
      <Filter>Scene</Filter>
    </ClCompile>
    <ClCompile Include="IETSemaphore.cpp">
      <Filter>Threading</Filter>
    </ClCompile>
    <ClCompile Include="SceneViewerScreen.cpp">
      <Filter>GameEngine\UIScreen</Filter>
    </ClCompile>
    <ClCompile Include="SceneManager.cpp">
      <Filter>Scene</Filter>
    </ClCompile>
    <ClCompile Include="FPSCounter.cpp" />
  </ItemGroup>
  <ItemGroup>
    <ClInclude Include="AppWindow.h">
      <Filter>App</Filter>
    </ClInclude>
    <ClInclude Include="Window.h">
      <Filter>GameEngine\WindowingSystem</Filter>
    </ClInclude>
    <ClInclude Include="GraphicsEngine.h">
      <Filter>GameEngine\GraphicsEngine</Filter>
    </ClInclude>
    <ClInclude Include="SwapChain.h">
      <Filter>GameEngine\GraphicsEngine\RenderSystem\SwapChain</Filter>
    </ClInclude>
    <ClInclude Include="DeviceContext.h">
      <Filter>GameEngine\GraphicsEngine\RenderSystem\DeviceContext</Filter>
    </ClInclude>
    <ClInclude Include="VertexBuffer.h">
      <Filter>GameEngine\GraphicsEngine\RenderSystem\VertexBuffer</Filter>
    </ClInclude>
    <ClInclude Include="VertexShader.h">
      <Filter>GameEngine\GraphicsEngine\RenderSystem\VertexShader</Filter>
    </ClInclude>
    <ClInclude Include="PixelShader.h">
      <Filter>GameEngine\GraphicsEngine\RenderSystem\PixelShader</Filter>
    </ClInclude>
    <ClInclude Include="ConstantBuffer.h">
      <Filter>GameEngine\GraphicsEngine\RenderSystem\ConstantBuffer</Filter>
    </ClInclude>
    <ClInclude Include="EngineTime.h">
      <Filter>GameEngine\Time</Filter>
    </ClInclude>
    <ClInclude Include="IndexBuffer.h">
      <Filter>GameEngine\GraphicsEngine\RenderSystem\IndexBuffer</Filter>
    </ClInclude>
    <ClInclude Include="InputSystem.h">
      <Filter>GameEngine\InputSystem</Filter>
    </ClInclude>
    <ClInclude Include="InputListener.h">
      <Filter>GameEngine\InputSystem</Filter>
    </ClInclude>
    <ClInclude Include="Point.h">
      <Filter>GameEngine\Math</Filter>
    </ClInclude>
    <ClInclude Include="RenderSystem.h">
      <Filter>GameEngine\GraphicsEngine\RenderSystem</Filter>
    </ClInclude>
    <ClInclude Include="Prerequisites.h">
      <Filter>GameEngine\GraphicsEngine</Filter>
    </ClInclude>
    <ClInclude Include="Component.h">
      <Filter>GameEngine\EntityComponentSystem</Filter>
    </ClInclude>
    <ClInclude Include="GameObject.h">
      <Filter>GameEngine\EntityComponentSystem</Filter>
    </ClInclude>
    <ClInclude Include="TransformComponent.h">
      <Filter>GameEngine\EntityComponentSystem</Filter>
    </ClInclude>
    <ClInclude Include="MeshComponent.h">
      <Filter>GameEngine\EntityComponentSystem</Filter>
    </ClInclude>
    <ClInclude Include="Vertex.h">
      <Filter>GameEngine\Math</Filter>
    </ClInclude>
    <ClInclude Include="RotationMovementComponent.h">
      <Filter>GameEngine\EntityComponentSystem</Filter>
    </ClInclude>
    <ClInclude Include="EngineMath.h">
      <Filter>GameEngine\Math</Filter>
    </ClInclude>
    <ClInclude Include="EngineMathConstants.h">
      <Filter>GameEngine\Math</Filter>
    </ClInclude>
    <ClInclude Include="EngineMathOperations.h">
      <Filter>GameEngine\Math</Filter>
    </ClInclude>
    <ClInclude Include="Camera.h">
      <Filter>GameEngine\Camera</Filter>
    </ClInclude>
    <ClInclude Include="CameraManager.h">
      <Filter>GameEngine\Camera</Filter>
    </ClInclude>
    <ClInclude Include="CameraProjection.h">
      <Filter>GameEngine\Camera</Filter>
    </ClInclude>
    <ClInclude Include="CameraComponent.h">
      <Filter>GameEngine\EntityComponentSystem</Filter>
    </ClInclude>
    <ClInclude Include="SceneCamera.h">
      <Filter>GameEngine\Editor</Filter>
    </ClInclude>
    <ClInclude Include="SimpleMath.h" />
    <ClInclude Include="pch.h" />
    <ClInclude Include="ImGui\imconfig.h">
      <Filter>GameEngine\ImGui</Filter>
    </ClInclude>
    <ClInclude Include="ImGui\imgui.h">
      <Filter>GameEngine\ImGui</Filter>
    </ClInclude>
    <ClInclude Include="ImGui\imgui_impl_dx11.h">
      <Filter>GameEngine\ImGui</Filter>
    </ClInclude>
    <ClInclude Include="ImGui\imgui_impl_win32.h">
      <Filter>GameEngine\ImGui</Filter>
    </ClInclude>
    <ClInclude Include="ImGui\imgui_internal.h">
      <Filter>GameEngine\ImGui</Filter>
    </ClInclude>
    <ClInclude Include="ImGui\imstb_rectpack.h">
      <Filter>GameEngine\ImGui</Filter>
    </ClInclude>
    <ClInclude Include="ImGui\imstb_textedit.h">
      <Filter>GameEngine\ImGui</Filter>
    </ClInclude>
    <ClInclude Include="ImGui\imstb_truetype.h">
      <Filter>GameEngine\ImGui</Filter>
    </ClInclude>
    <ClInclude Include="UIScreen.h">
      <Filter>GameEngine\UI</Filter>
    </ClInclude>
    <ClInclude Include="UIManager.h">
      <Filter>GameEngine\UI</Filter>
    </ClInclude>
    <ClInclude Include="ImGui\stb_image.h" />
    <ClInclude Include="MenuBar.h">
      <Filter>GameEngine\UIScreen</Filter>
    </ClInclude>
    <ClInclude Include="ObjectProperty.h">
      <Filter>GameEngine\UIScreen</Filter>
    </ClInclude>
    <ClInclude Include="GameObjectManager.h">
      <Filter>GameEngine\EntityComponentSystem</Filter>
    </ClInclude>
    <ClInclude Include="ObjectParentingScreen.h">
      <Filter>GameEngine\UIScreen</Filter>
    </ClInclude>
    <ClInclude Include="Hierarchy.h">
      <Filter>GameEngine\UIScreen</Filter>
    </ClInclude>
    <ClInclude Include="Resource.h">
      <Filter>GameEngine\GraphicsEngine\ResourceManager</Filter>
    </ClInclude>
    <ClInclude Include="ResourceManager.h">
      <Filter>GameEngine\GraphicsEngine\ResourceManager</Filter>
    </ClInclude>
    <ClInclude Include="Texture.h">
      <Filter>GameEngine\GraphicsEngine\TextureManager</Filter>
    </ClInclude>
    <ClInclude Include="TextureManager.h">
      <Filter>GameEngine\GraphicsEngine\TextureManager</Filter>
    </ClInclude>
    <ClInclude Include="LoadingScreen.h">
      <Filter>GameEngine\UIScreen</Filter>
    </ClInclude>
    <ClInclude Include="Mesh.h">
      <Filter>GameEngine\GraphicsEngine\MeshManager</Filter>
    </ClInclude>
    <ClInclude Include="MeshManager.h">
      <Filter>GameEngine\GraphicsEngine\MeshManager</Filter>
    </ClInclude>
    <ClInclude Include="VertexMesh.h">
      <Filter>GameEngine\GraphicsEngine\MeshManager</Filter>
    </ClInclude>
    <ClInclude Include="PhysicsComponent.h">
      <Filter>GameEngine\EntityComponentSystem</Filter>
    </ClInclude>
    <ClInclude Include="EngineBackend.h">
      <Filter>GameEngine</Filter>
    </ClInclude>
    <ClInclude Include="EditorAction.h">
      <Filter>GameEngine</Filter>
    </ClInclude>
    <ClInclude Include="ActionHistory.h">
      <Filter>GameEngine</Filter>
    </ClInclude>
    <ClInclude Include="PlaybackScreen.h">
      <Filter>GameEngine\UIScreen</Filter>
    </ClInclude>
    <ClInclude Include="SceneWriter.h" />
    <ClInclude Include="SceneReader.h" />
    <ClInclude Include="StringUtils.h" />
    <ClInclude Include="imfilebrowser.h">
      <Filter>GameEngine\ImGui</Filter>
    </ClInclude>
    <ClInclude Include="Libs\jsoncpp-1.9.5\include\json\allocator.h">
      <Filter>GameEngine\JSON</Filter>
    </ClInclude>
    <ClInclude Include="Libs\jsoncpp-1.9.5\include\json\assertions.h">
      <Filter>GameEngine\JSON</Filter>
    </ClInclude>
    <ClInclude Include="Libs\jsoncpp-1.9.5\include\json\config.h">
      <Filter>GameEngine\JSON</Filter>
    </ClInclude>
    <ClInclude Include="Libs\jsoncpp-1.9.5\include\json\forwards.h">
      <Filter>GameEngine\JSON</Filter>
    </ClInclude>
    <ClInclude Include="Libs\jsoncpp-1.9.5\include\json\json.h">
      <Filter>GameEngine\JSON</Filter>
    </ClInclude>
    <ClInclude Include="Libs\jsoncpp-1.9.5\include\json\json_features.h">
      <Filter>GameEngine\JSON</Filter>
    </ClInclude>
    <ClInclude Include="Libs\jsoncpp-1.9.5\include\json\reader.h">
      <Filter>GameEngine\JSON</Filter>
    </ClInclude>
    <ClInclude Include="Libs\jsoncpp-1.9.5\include\json\value.h">
      <Filter>GameEngine\JSON</Filter>
    </ClInclude>
    <ClInclude Include="Libs\jsoncpp-1.9.5\include\json\version.h">
      <Filter>GameEngine\JSON</Filter>
    </ClInclude>
    <ClInclude Include="Libs\jsoncpp-1.9.5\include\json\writer.h">
      <Filter>GameEngine\JSON</Filter>
    </ClInclude>
    <ClInclude Include="Libs\jsoncpp-1.9.5\src\lib_json\json_tool.h">
      <Filter>GameEngine\JSON</Filter>
    </ClInclude>
    <ClInclude Include="Libs\jsoncpp-1.9.5\src\test_lib_json\fuzz.h">
      <Filter>GameEngine\JSON</Filter>
    </ClInclude>
    <ClInclude Include="Libs\jsoncpp-1.9.5\src\test_lib_json\jsontest.h">
      <Filter>GameEngine\JSON</Filter>
    </ClInclude>
    <ClInclude Include="TextureComponent.h">
      <Filter>GameEngine\EntityComponentSystem</Filter>
    </ClInclude>
    <ClInclude Include="ActionScreen.h">
      <Filter>GameEngine\UIScreen</Filter>
    </ClInclude>
    <ClInclude Include="DebugManager.h" />
    <ClInclude Include="DebugScreen.h" />
    <ClInclude Include="IETThread.h">
      <Filter>Threading</Filter>
    </ClInclude>
    <ClInclude Include="ModelLoaderThread.h">
      <Filter>Threading</Filter>
    </ClInclude>
    <ClInclude Include="Scene.h">
      <Filter>Scene</Filter>
    </ClInclude>
    <ClInclude Include="IETSemaphore.h">
      <Filter>Threading</Filter>
    </ClInclude>
    <ClInclude Include="SceneViewerScreen.h">
      <Filter>GameEngine\UIScreen</Filter>
    </ClInclude>
    <ClInclude Include="IExecutionEvent.h">
      <Filter>Threading</Filter>
    </ClInclude>
    <ClInclude Include="SceneManager.h">
      <Filter>Scene</Filter>
    </ClInclude>
    <ClInclude Include="FPSCounter.h" />
  </ItemGroup>
  <ItemGroup>
    <FxCompile Include="VertexShader.hlsl">
      <Filter>App</Filter>
    </FxCompile>
    <FxCompile Include="PixelShader.hlsl">
      <Filter>App</Filter>
    </FxCompile>
    <FxCompile Include="PS_Outline.hlsl">
      <Filter>App</Filter>
    </FxCompile>
    <FxCompile Include="VertexMeshLayoutShader.hlsl">
      <Filter>App</Filter>
    </FxCompile>
  </ItemGroup>
  <ItemGroup>
    <None Include="SimpleMath.inl" />
    <None Include="Libs\jsoncpp-1.9.5\src\lib_json\json_valueiterator.inl">
      <Filter>GameEngine\JSON</Filter>
    </None>
  </ItemGroup>
</Project>